{
  "requires": true,
  "lockfileVersion": 1,
  "dependencies": {
    "p5": {
      "version": "0.9.0",
      "resolved": "https://registry.npmjs.org/p5/-/p5-0.9.0.tgz",
      "integrity": "sha512-N8FzKr9SKofl4f+d9g6oYDRk5JOYgY1bIhCInzNxW7khc1zk7whQIOhaHeijSslfN3rJYfWso6Fn3O/w+TCwLg=="
    },
    "react-p5-wrapper": {
      "version": "2.0.0",
      "resolved": "https://registry.npmjs.org/react-p5-wrapper/-/react-p5-wrapper-2.0.0.tgz",
      "integrity": "sha512-oQvYEUAnAtquYoQvd7p5MdtzuSQX7cmcdDLJ3R22R4aSRiiUGyjicSYmY/m2aIVK6iegmA0s0/wuT1g3yl2MxQ=="
    }
  }
}
